
Microsoft Visual Studio Solution File, Format Version 12.00
# Visual Studio 15
VisualStudioVersion = 15.0.28010.2016
MinimumVisualStudioVersion = 10.0.40219.1
Project("{FAE04EC0-301F-11D3-BF4B-00C04F79EFBC}") = "Core.API", "Core.API\Core.API.csproj", "{E7422417-C9B2-4F02-AD25-6CDFE580342B}"
EndProject
Global
	GlobalSection(SolutionConfigurationPlatforms) = preSolution
		Debug|Any CPU = Debug|Any CPU
		Release|Any CPU = Release|Any CPU
	EndGlobalSection
	GlobalSection(ProjectConfigurationPlatforms) = postSolution
		{E7422417-C9B2-4F02-AD25-6CDFE580342B}.Debug|Any CPU.ActiveCfg = Debug|Any CPU
		{E7422417-C9B2-4F02-AD25-6CDFE580342B}.Debug|Any CPU.Build.0 = Debug|Any CPU
		{E7422417-C9B2-4F02-AD25-6CDFE580342B}.Release|Any CPU.ActiveCfg = Release|Any CPU
		{E7422417-C9B2-4F02-AD25-6CDFE580342B}.Release|Any CPU.Build.0 = Release|Any CPU
	EndGlobalSection
	GlobalSection(SolutionProperties) = preSolution
		HideSolutionNode = FALSE
	EndGlobalSection
	GlobalSection(ExtensibilityGlobals) = postSolution
		SolutionGuid = {F2EEE2F6-6DFF-4A70-BC9A-2A9ADFBAB633}
	EndGlobalSection
EndGlobal
